
Microsoft Visual Studio Solution File, Format Version 12.00
# Visual Studio Version 17
VisualStudioVersion = 17.14.36414.22 d17.14
MinimumVisualStudioVersion = 10.0.40219.1
Project("{FAE04EC0-301F-11D3-BF4B-00C04F79EFBC}") = "MoominsApi", "MoominsApi\MoominsApi.csproj", "{C6E475C4-016E-4EDD-91E6-E4713C317A3A}"
EndProject
Project("{FAE04EC0-301F-11D3-BF4B-00C04F79EFBC}") = "MoominClient", "MoominClient\MoominClient.csproj", "{0FD1C1EF-73C6-4416-8635-0607DEC7B1E5}"
EndProject
Global
	GlobalSection(SolutionConfigurationPlatforms) = preSolution
		Debug|Any CPU = Debug|Any CPU
		Release|Any CPU = Release|Any CPU
	EndGlobalSection
	GlobalSection(ProjectConfigurationPlatforms) = postSolution
		{C6E475C4-016E-4EDD-91E6-E4713C317A3A}.Debug|Any CPU.ActiveCfg = Debug|Any CPU
		{C6E475C4-016E-4EDD-91E6-E4713C317A3A}.Debug|Any CPU.Build.0 = Debug|Any CPU
		{C6E475C4-016E-4EDD-91E6-E4713C317A3A}.Release|Any CPU.ActiveCfg = Release|Any CPU
		{C6E475C4-016E-4EDD-91E6-E4713C317A3A}.Release|Any CPU.Build.0 = Release|Any CPU
		{0FD1C1EF-73C6-4416-8635-0607DEC7B1E5}.Debug|Any CPU.ActiveCfg = Debug|Any CPU
		{0FD1C1EF-73C6-4416-8635-0607DEC7B1E5}.Debug|Any CPU.Build.0 = Debug|Any CPU
		{0FD1C1EF-73C6-4416-8635-0607DEC7B1E5}.Release|Any CPU.ActiveCfg = Release|Any CPU
		{0FD1C1EF-73C6-4416-8635-0607DEC7B1E5}.Release|Any CPU.Build.0 = Release|Any CPU
	EndGlobalSection
	GlobalSection(SolutionProperties) = preSolution
		HideSolutionNode = FALSE
	EndGlobalSection
	GlobalSection(ExtensibilityGlobals) = postSolution
		SolutionGuid = {0B87032B-FC20-4DF8-A625-0A419DFDF778}
	EndGlobalSection
EndGlobal
